
Microsoft Visual Studio Solution File, Format Version 10.00
# Visual Studio 2008
Project("{2150E333-8FDC-42A3-9474-1A3956D46DE8}") = "Solution Items", "Solution Items", "{88E10105-E186-4F3A-B23C-9884C89DC337}"
EndProject
Project("{8BC9CEB8-8B4A-11D0-8D11-00A0C91BC942}") = "PocketPCFM", "PocketPCFM.vcproj", "{21040A25-B0E6-4432-AB6C-C129CEDF15A7}"
EndProject
Project("{FAE04EC0-301F-11D3-BF4B-00C04F79EFBC}") = "Data Builder", "Data Builder\Data Builder\Data Builder.csproj", "{46FB7083-A162-47DD-82CC-D8C2286DC35F}"
EndProject
Project("{8BC9CEB8-8B4A-11D0-8D11-00A0C91BC942}") = "TestBed", "TestBed\TestBed.vcproj", "{C1C84A4C-E4B6-466A-9552-627F5B1CB365}"
EndProject
Project("{8BC9CEB8-8B4A-11D0-8D11-00A0C91BC942}") = "RegTest", "..\Astraware\registration-b14\RegTest.vcproj", "{7C125BED-9EF5-4593-BE24-31358666B913}"
EndProject
Project("{8BC9CEB8-8B4A-11D0-8D11-00A0C91BC942}") = "FD PC", "FD PC\FD PC.vcproj", "{C8DE8089-8B81-4028-9252-57FA887B00F8}"
EndProject
Global
	GlobalSection(SourceCodeControl) = preSolution
		SccNumberOfProjects = 2
		SccProjectName0 = \u0022$/SportsDirector/PocketPCFM\u0022,\u0020NOIAAAAA
		SccLocalPath0 = ..
		SccProvider0 = MSSCCI:Microsoft\u0020Visual\u0020SourceSafe
		SccProjectFilePathRelativizedFromConnection0 = POCKETPCFM\\
		SccProjectUniqueName1 = PocketPCFM.vcproj
		SccLocalPath1 = ..
		SccProjectFilePathRelativizedFromConnection1 = POCKETPCFM\\
	EndGlobalSection
	GlobalSection(SolutionConfigurationPlatforms) = preSolution
		Debug|Any CPU = Debug|Any CPU
		Debug|Mixed Platforms = Debug|Mixed Platforms
		Debug|Pocket PC 2003 (ARMV4) = Debug|Pocket PC 2003 (ARMV4)
		Debug|Smartphone 2003 (ARMV4) = Debug|Smartphone 2003 (ARMV4)
		Debug|Win32 = Debug|Win32
		Debug|Windows Mobile 5.0 Pocket PC SDK (ARMV4I) = Debug|Windows Mobile 5.0 Pocket PC SDK (ARMV4I)
		Debug|Windows Mobile 5.0 Smartphone SDK (ARMV4I) = Debug|Windows Mobile 5.0 Smartphone SDK (ARMV4I)
		Debug|Windows Mobile 6 Professional SDK (ARMV4I) = Debug|Windows Mobile 6 Professional SDK (ARMV4I)
		Debug|Windows Mobile 6 Standard SDK (ARMV4I) = Debug|Windows Mobile 6 Standard SDK (ARMV4I)
		Release Smartphone|Any CPU = Release Smartphone|Any CPU
		Release Smartphone|Mixed Platforms = Release Smartphone|Mixed Platforms
		Release Smartphone|Pocket PC 2003 (ARMV4) = Release Smartphone|Pocket PC 2003 (ARMV4)
		Release Smartphone|Smartphone 2003 (ARMV4) = Release Smartphone|Smartphone 2003 (ARMV4)
		Release Smartphone|Win32 = Release Smartphone|Win32
		Release Smartphone|Windows Mobile 5.0 Pocket PC SDK (ARMV4I) = Release Smartphone|Windows Mobile 5.0 Pocket PC SDK (ARMV4I)
		Release Smartphone|Windows Mobile 5.0 Smartphone SDK (ARMV4I) = Release Smartphone|Windows Mobile 5.0 Smartphone SDK (ARMV4I)
		Release Smartphone|Windows Mobile 6 Professional SDK (ARMV4I) = Release Smartphone|Windows Mobile 6 Professional SDK (ARMV4I)
		Release Smartphone|Windows Mobile 6 Standard SDK (ARMV4I) = Release Smartphone|Windows Mobile 6 Standard SDK (ARMV4I)
		Release|Any CPU = Release|Any CPU
		Release|Mixed Platforms = Release|Mixed Platforms
		Release|Pocket PC 2003 (ARMV4) = Release|Pocket PC 2003 (ARMV4)
		Release|Smartphone 2003 (ARMV4) = Release|Smartphone 2003 (ARMV4)
		Release|Win32 = Release|Win32
		Release|Windows Mobile 5.0 Pocket PC SDK (ARMV4I) = Release|Windows Mobile 5.0 Pocket PC SDK (ARMV4I)
		Release|Windows Mobile 5.0 Smartphone SDK (ARMV4I) = Release|Windows Mobile 5.0 Smartphone SDK (ARMV4I)
		Release|Windows Mobile 6 Professional SDK (ARMV4I) = Release|Windows Mobile 6 Professional SDK (ARMV4I)
		Release|Windows Mobile 6 Standard SDK (ARMV4I) = Release|Windows Mobile 6 Standard SDK (ARMV4I)
	EndGlobalSection
	GlobalSection(ProjectConfigurationPlatforms) = postSolution
		{21040A25-B0E6-4432-AB6C-C129CEDF15A7}.Debug|Any CPU.ActiveCfg = Debug|Pocket PC 2003 (ARMV4)
		{21040A25-B0E6-4432-AB6C-C129CEDF15A7}.Debug|Mixed Platforms.ActiveCfg = Debug|Pocket PC 2003 (ARMV4)
		{21040A25-B0E6-4432-AB6C-C129CEDF15A7}.Debug|Mixed Platforms.Build.0 = Debug|Pocket PC 2003 (ARMV4)
		{21040A25-B0E6-4432-AB6C-C129CEDF15A7}.Debug|Mixed Platforms.Deploy.0 = Debug|Pocket PC 2003 (ARMV4)
		{21040A25-B0E6-4432-AB6C-C129CEDF15A7}.Debug|Pocket PC 2003 (ARMV4).ActiveCfg = Debug|Pocket PC 2003 (ARMV4)
		{21040A25-B0E6-4432-AB6C-C129CEDF15A7}.Debug|Pocket PC 2003 (ARMV4).Build.0 = Debug|Pocket PC 2003 (ARMV4)
		{21040A25-B0E6-4432-AB6C-C129CEDF15A7}.Debug|Pocket PC 2003 (ARMV4).Deploy.0 = Debug|Pocket PC 2003 (ARMV4)
		{21040A25-B0E6-4432-AB6C-C129CEDF15A7}.Debug|Smartphone 2003 (ARMV4).ActiveCfg = Debug|Smartphone 2003 (ARMV4)
		{21040A25-B0E6-4432-AB6C-C129CEDF15A7}.Debug|Smartphone 2003 (ARMV4).Build.0 = Debug|Smartphone 2003 (ARMV4)
		{21040A25-B0E6-4432-AB6C-C129CEDF15A7}.Debug|Smartphone 2003 (ARMV4).Deploy.0 = Debug|Smartphone 2003 (ARMV4)
		{21040A25-B0E6-4432-AB6C-C129CEDF15A7}.Debug|Win32.ActiveCfg = Debug|Smartphone 2003 (ARMV4)
		{21040A25-B0E6-4432-AB6C-C129CEDF15A7}.Debug|Win32.Build.0 = Debug|Smartphone 2003 (ARMV4)
		{21040A25-B0E6-4432-AB6C-C129CEDF15A7}.Debug|Windows Mobile 5.0 Pocket PC SDK (ARMV4I).ActiveCfg = Debug|Windows Mobile 6 Professional SDK (ARMV4I)
		{21040A25-B0E6-4432-AB6C-C129CEDF15A7}.Debug|Windows Mobile 5.0 Smartphone SDK (ARMV4I).ActiveCfg = Debug|Pocket PC 2003 (ARMV4)
		{21040A25-B0E6-4432-AB6C-C129CEDF15A7}.Debug|Windows Mobile 6 Professional SDK (ARMV4I).ActiveCfg = Debug|Windows Mobile 6 Professional SDK (ARMV4I)
		{21040A25-B0E6-4432-AB6C-C129CEDF15A7}.Debug|Windows Mobile 6 Professional SDK (ARMV4I).Build.0 = Debug|Windows Mobile 6 Professional SDK (ARMV4I)
		{21040A25-B0E6-4432-AB6C-C129CEDF15A7}.Debug|Windows Mobile 6 Professional SDK (ARMV4I).Deploy.0 = Debug|Windows Mobile 6 Professional SDK (ARMV4I)
		{21040A25-B0E6-4432-AB6C-C129CEDF15A7}.Debug|Windows Mobile 6 Standard SDK (ARMV4I).ActiveCfg = Debug|Pocket PC 2003 (ARMV4)
		{21040A25-B0E6-4432-AB6C-C129CEDF15A7}.Release Smartphone|Any CPU.ActiveCfg = Release|Pocket PC 2003 (ARMV4)
		{21040A25-B0E6-4432-AB6C-C129CEDF15A7}.Release Smartphone|Mixed Platforms.ActiveCfg = Release|Pocket PC 2003 (ARMV4)
		{21040A25-B0E6-4432-AB6C-C129CEDF15A7}.Release Smartphone|Mixed Platforms.Build.0 = Release|Pocket PC 2003 (ARMV4)
		{21040A25-B0E6-4432-AB6C-C129CEDF15A7}.Release Smartphone|Mixed Platforms.Deploy.0 = Release|Pocket PC 2003 (ARMV4)
		{21040A25-B0E6-4432-AB6C-C129CEDF15A7}.Release Smartphone|Pocket PC 2003 (ARMV4).ActiveCfg = Release|Pocket PC 2003 (ARMV4)
		{21040A25-B0E6-4432-AB6C-C129CEDF15A7}.Release Smartphone|Pocket PC 2003 (ARMV4).Build.0 = Release|Pocket PC 2003 (ARMV4)
		{21040A25-B0E6-4432-AB6C-C129CEDF15A7}.Release Smartphone|Pocket PC 2003 (ARMV4).Deploy.0 = Release|Pocket PC 2003 (ARMV4)
		{21040A25-B0E6-4432-AB6C-C129CEDF15A7}.Release Smartphone|Smartphone 2003 (ARMV4).ActiveCfg = Release|Pocket PC 2003 (ARMV4)
		{21040A25-B0E6-4432-AB6C-C129CEDF15A7}.Release Smartphone|Win32.ActiveCfg = Release|Pocket PC 2003 (ARMV4)
		{21040A25-B0E6-4432-AB6C-C129CEDF15A7}.Release Smartphone|Windows Mobile 5.0 Pocket PC SDK (ARMV4I).ActiveCfg = Release|Pocket PC 2003 (ARMV4)
		{21040A25-B0E6-4432-AB6C-C129CEDF15A7}.Release Smartphone|Windows Mobile 5.0 Smartphone SDK (ARMV4I).ActiveCfg = Release|Pocket PC 2003 (ARMV4)
		{21040A25-B0E6-4432-AB6C-C129CEDF15A7}.Release Smartphone|Windows Mobile 6 Professional SDK (ARMV4I).ActiveCfg = Release|Pocket PC 2003 (ARMV4)
		{21040A25-B0E6-4432-AB6C-C129CEDF15A7}.Release Smartphone|Windows Mobile 6 Standard SDK (ARMV4I).ActiveCfg = Release|Pocket PC 2003 (ARMV4)
		{21040A25-B0E6-4432-AB6C-C129CEDF15A7}.Release|Any CPU.ActiveCfg = Release|Pocket PC 2003 (ARMV4)
		{21040A25-B0E6-4432-AB6C-C129CEDF15A7}.Release|Mixed Platforms.ActiveCfg = Release|Pocket PC 2003 (ARMV4)
		{21040A25-B0E6-4432-AB6C-C129CEDF15A7}.Release|Mixed Platforms.Build.0 = Release|Pocket PC 2003 (ARMV4)
		{21040A25-B0E6-4432-AB6C-C129CEDF15A7}.Release|Mixed Platforms.Deploy.0 = Release|Pocket PC 2003 (ARMV4)
		{21040A25-B0E6-4432-AB6C-C129CEDF15A7}.Release|Pocket PC 2003 (ARMV4).ActiveCfg = Release|Pocket PC 2003 (ARMV4)
		{21040A25-B0E6-4432-AB6C-C129CEDF15A7}.Release|Pocket PC 2003 (ARMV4).Build.0 = Release|Pocket PC 2003 (ARMV4)
		{21040A25-B0E6-4432-AB6C-C129CEDF15A7}.Release|Pocket PC 2003 (ARMV4).Deploy.0 = Release|Pocket PC 2003 (ARMV4)
		{21040A25-B0E6-4432-AB6C-C129CEDF15A7}.Release|Smartphone 2003 (ARMV4).ActiveCfg = Release|Smartphone 2003 (ARMV4)
		{21040A25-B0E6-4432-AB6C-C129CEDF15A7}.Release|Smartphone 2003 (ARMV4).Build.0 = Release|Smartphone 2003 (ARMV4)
		{21040A25-B0E6-4432-AB6C-C129CEDF15A7}.Release|Smartphone 2003 (ARMV4).Deploy.0 = Release|Smartphone 2003 (ARMV4)
		{21040A25-B0E6-4432-AB6C-C129CEDF15A7}.Release|Win32.ActiveCfg = Release|Pocket PC 2003 (ARMV4)
		{21040A25-B0E6-4432-AB6C-C129CEDF15A7}.Release|Windows Mobile 5.0 Pocket PC SDK (ARMV4I).ActiveCfg = Release|Pocket PC 2003 (ARMV4)
		{21040A25-B0E6-4432-AB6C-C129CEDF15A7}.Release|Windows Mobile 5.0 Smartphone SDK (ARMV4I).ActiveCfg = Release|Pocket PC 2003 (ARMV4)
		{21040A25-B0E6-4432-AB6C-C129CEDF15A7}.Release|Windows Mobile 6 Professional SDK (ARMV4I).ActiveCfg = Release|Windows Mobile 6 Professional SDK (ARMV4I)
		{21040A25-B0E6-4432-AB6C-C129CEDF15A7}.Release|Windows Mobile 6 Professional SDK (ARMV4I).Build.0 = Release|Windows Mobile 6 Professional SDK (ARMV4I)
		{21040A25-B0E6-4432-AB6C-C129CEDF15A7}.Release|Windows Mobile 6 Professional SDK (ARMV4I).Deploy.0 = Release|Windows Mobile 6 Professional SDK (ARMV4I)
		{21040A25-B0E6-4432-AB6C-C129CEDF15A7}.Release|Windows Mobile 6 Standard SDK (ARMV4I).ActiveCfg = Release|Pocket PC 2003 (ARMV4)
		{46FB7083-A162-47DD-82CC-D8C2286DC35F}.Debug|Any CPU.ActiveCfg = Debug|Any CPU
		{46FB7083-A162-47DD-82CC-D8C2286DC35F}.Debug|Any CPU.Build.0 = Debug|Any CPU
		{46FB7083-A162-47DD-82CC-D8C2286DC35F}.Debug|Mixed Platforms.ActiveCfg = Debug|Any CPU
		{46FB7083-A162-47DD-82CC-D8C2286DC35F}.Debug|Mixed Platforms.Build.0 = Debug|Any CPU
		{46FB7083-A162-47DD-82CC-D8C2286DC35F}.Debug|Pocket PC 2003 (ARMV4).ActiveCfg = Debug|Any CPU
		{46FB7083-A162-47DD-82CC-D8C2286DC35F}.Debug|Smartphone 2003 (ARMV4).ActiveCfg = Debug|Any CPU
		{46FB7083-A162-47DD-82CC-D8C2286DC35F}.Debug|Win32.ActiveCfg = Debug|Any CPU
		{46FB7083-A162-47DD-82CC-D8C2286DC35F}.Debug|Windows Mobile 5.0 Pocket PC SDK (ARMV4I).ActiveCfg = Debug|Any CPU
		{46FB7083-A162-47DD-82CC-D8C2286DC35F}.Debug|Windows Mobile 5.0 Smartphone SDK (ARMV4I).ActiveCfg = Debug|Any CPU
		{46FB7083-A162-47DD-82CC-D8C2286DC35F}.Debug|Windows Mobile 6 Professional SDK (ARMV4I).ActiveCfg = Debug|Any CPU
		{46FB7083-A162-47DD-82CC-D8C2286DC35F}.Debug|Windows Mobile 6 Standard SDK (ARMV4I).ActiveCfg = Debug|Any CPU
		{46FB7083-A162-47DD-82CC-D8C2286DC35F}.Release Smartphone|Any CPU.ActiveCfg = Release|Any CPU
		{46FB7083-A162-47DD-82CC-D8C2286DC35F}.Release Smartphone|Any CPU.Build.0 = Release|Any CPU
		{46FB7083-A162-47DD-82CC-D8C2286DC35F}.Release Smartphone|Mixed Platforms.ActiveCfg = Release|Any CPU
		{46FB7083-A162-47DD-82CC-D8C2286DC35F}.Release Smartphone|Mixed Platforms.Build.0 = Release|Any CPU
		{46FB7083-A162-47DD-82CC-D8C2286DC35F}.Release Smartphone|Pocket PC 2003 (ARMV4).ActiveCfg = Release|Any CPU
		{46FB7083-A162-47DD-82CC-D8C2286DC35F}.Release Smartphone|Smartphone 2003 (ARMV4).ActiveCfg = Release|Any CPU
		{46FB7083-A162-47DD-82CC-D8C2286DC35F}.Release Smartphone|Win32.ActiveCfg = Release|Any CPU
		{46FB7083-A162-47DD-82CC-D8C2286DC35F}.Release Smartphone|Windows Mobile 5.0 Pocket PC SDK (ARMV4I).ActiveCfg = Release|Any CPU
		{46FB7083-A162-47DD-82CC-D8C2286DC35F}.Release Smartphone|Windows Mobile 5.0 Smartphone SDK (ARMV4I).ActiveCfg = Release|Any CPU
		{46FB7083-A162-47DD-82CC-D8C2286DC35F}.Release Smartphone|Windows Mobile 6 Professional SDK (ARMV4I).ActiveCfg = Release|Any CPU
		{46FB7083-A162-47DD-82CC-D8C2286DC35F}.Release Smartphone|Windows Mobile 6 Standard SDK (ARMV4I).ActiveCfg = Release|Any CPU
		{46FB7083-A162-47DD-82CC-D8C2286DC35F}.Release|Any CPU.ActiveCfg = Release|Any CPU
		{46FB7083-A162-47DD-82CC-D8C2286DC35F}.Release|Any CPU.Build.0 = Release|Any CPU
		{46FB7083-A162-47DD-82CC-D8C2286DC35F}.Release|Mixed Platforms.ActiveCfg = Release|Any CPU
		{46FB7083-A162-47DD-82CC-D8C2286DC35F}.Release|Mixed Platforms.Build.0 = Release|Any CPU
		{46FB7083-A162-47DD-82CC-D8C2286DC35F}.Release|Pocket PC 2003 (ARMV4).ActiveCfg = Release|Any CPU
		{46FB7083-A162-47DD-82CC-D8C2286DC35F}.Release|Smartphone 2003 (ARMV4).ActiveCfg = Release|Any CPU
		{46FB7083-A162-47DD-82CC-D8C2286DC35F}.Release|Win32.ActiveCfg = Release|Any CPU
		{46FB7083-A162-47DD-82CC-D8C2286DC35F}.Release|Windows Mobile 5.0 Pocket PC SDK (ARMV4I).ActiveCfg = Release|Any CPU
		{46FB7083-A162-47DD-82CC-D8C2286DC35F}.Release|Windows Mobile 5.0 Smartphone SDK (ARMV4I).ActiveCfg = Release|Any CPU
		{46FB7083-A162-47DD-82CC-D8C2286DC35F}.Release|Windows Mobile 6 Professional SDK (ARMV4I).ActiveCfg = Release|Any CPU
		{46FB7083-A162-47DD-82CC-D8C2286DC35F}.Release|Windows Mobile 6 Standard SDK (ARMV4I).ActiveCfg = Release|Any CPU
		{C1C84A4C-E4B6-466A-9552-627F5B1CB365}.Debug|Any CPU.ActiveCfg = Debug|Windows Mobile 6 Professional SDK (ARMV4I)
		{C1C84A4C-E4B6-466A-9552-627F5B1CB365}.Debug|Mixed Platforms.ActiveCfg = Debug|Windows Mobile 6 Professional SDK (ARMV4I)
		{C1C84A4C-E4B6-466A-9552-627F5B1CB365}.Debug|Mixed Platforms.Build.0 = Debug|Windows Mobile 6 Professional SDK (ARMV4I)
		{C1C84A4C-E4B6-466A-9552-627F5B1CB365}.Debug|Mixed Platforms.Deploy.0 = Debug|Windows Mobile 6 Professional SDK (ARMV4I)
		{C1C84A4C-E4B6-466A-9552-627F5B1CB365}.Debug|Pocket PC 2003 (ARMV4).ActiveCfg = Debug|Pocket PC 2003 (ARMV4)
		{C1C84A4C-E4B6-466A-9552-627F5B1CB365}.Debug|Smartphone 2003 (ARMV4).ActiveCfg = Debug|Smartphone 2003 (ARMV4)
		{C1C84A4C-E4B6-466A-9552-627F5B1CB365}.Debug|Smartphone 2003 (ARMV4).Build.0 = Debug|Smartphone 2003 (ARMV4)
		{C1C84A4C-E4B6-466A-9552-627F5B1CB365}.Debug|Smartphone 2003 (ARMV4).Deploy.0 = Debug|Smartphone 2003 (ARMV4)
		{C1C84A4C-E4B6-466A-9552-627F5B1CB365}.Debug|Win32.ActiveCfg = Debug|Windows Mobile 5.0 Pocket PC SDK (ARMV4I)
		{C1C84A4C-E4B6-466A-9552-627F5B1CB365}.Debug|Windows Mobile 5.0 Pocket PC SDK (ARMV4I).ActiveCfg = Debug|Windows Mobile 5.0 Pocket PC SDK (ARMV4I)
		{C1C84A4C-E4B6-466A-9552-627F5B1CB365}.Debug|Windows Mobile 5.0 Pocket PC SDK (ARMV4I).Build.0 = Debug|Windows Mobile 5.0 Pocket PC SDK (ARMV4I)
		{C1C84A4C-E4B6-466A-9552-627F5B1CB365}.Debug|Windows Mobile 5.0 Pocket PC SDK (ARMV4I).Deploy.0 = Debug|Windows Mobile 5.0 Pocket PC SDK (ARMV4I)
		{C1C84A4C-E4B6-466A-9552-627F5B1CB365}.Debug|Windows Mobile 5.0 Smartphone SDK (ARMV4I).ActiveCfg = Debug|Windows Mobile 5.0 Pocket PC SDK (ARMV4I)
		{C1C84A4C-E4B6-466A-9552-627F5B1CB365}.Debug|Windows Mobile 6 Professional SDK (ARMV4I).ActiveCfg = Debug|Windows Mobile 6 Professional SDK (ARMV4I)
		{C1C84A4C-E4B6-466A-9552-627F5B1CB365}.Debug|Windows Mobile 6 Professional SDK (ARMV4I).Build.0 = Debug|Windows Mobile 6 Professional SDK (ARMV4I)
		{C1C84A4C-E4B6-466A-9552-627F5B1CB365}.Debug|Windows Mobile 6 Professional SDK (ARMV4I).Deploy.0 = Debug|Windows Mobile 6 Professional SDK (ARMV4I)
		{C1C84A4C-E4B6-466A-9552-627F5B1CB365}.Debug|Windows Mobile 6 Standard SDK (ARMV4I).ActiveCfg = Debug|Windows Mobile 6 Professional SDK (ARMV4I)
		{C1C84A4C-E4B6-466A-9552-627F5B1CB365}.Release Smartphone|Any CPU.ActiveCfg = Release|Windows Mobile 6 Professional SDK (ARMV4I)
		{C1C84A4C-E4B6-466A-9552-627F5B1CB365}.Release Smartphone|Mixed Platforms.ActiveCfg = Release|Windows Mobile 6 Professional SDK (ARMV4I)
		{C1C84A4C-E4B6-466A-9552-627F5B1CB365}.Release Smartphone|Mixed Platforms.Build.0 = Release|Windows Mobile 6 Professional SDK (ARMV4I)
		{C1C84A4C-E4B6-466A-9552-627F5B1CB365}.Release Smartphone|Mixed Platforms.Deploy.0 = Release|Windows Mobile 6 Professional SDK (ARMV4I)
		{C1C84A4C-E4B6-466A-9552-627F5B1CB365}.Release Smartphone|Pocket PC 2003 (ARMV4).ActiveCfg = Release|Windows Mobile 6 Professional SDK (ARMV4I)
		{C1C84A4C-E4B6-466A-9552-627F5B1CB365}.Release Smartphone|Smartphone 2003 (ARMV4).ActiveCfg = Release|Windows Mobile 6 Professional SDK (ARMV4I)
		{C1C84A4C-E4B6-466A-9552-627F5B1CB365}.Release Smartphone|Win32.ActiveCfg = Release|Windows Mobile 5.0 Pocket PC SDK (ARMV4I)
		{C1C84A4C-E4B6-466A-9552-627F5B1CB365}.Release Smartphone|Windows Mobile 5.0 Pocket PC SDK (ARMV4I).ActiveCfg = Release|Windows Mobile 6 Professional SDK (ARMV4I)
		{C1C84A4C-E4B6-466A-9552-627F5B1CB365}.Release Smartphone|Windows Mobile 5.0 Smartphone SDK (ARMV4I).ActiveCfg = Release|Windows Mobile 6 Professional SDK (ARMV4I)
		{C1C84A4C-E4B6-466A-9552-627F5B1CB365}.Release Smartphone|Windows Mobile 6 Professional SDK (ARMV4I).ActiveCfg = Release|Windows Mobile 6 Professional SDK (ARMV4I)
		{C1C84A4C-E4B6-466A-9552-627F5B1CB365}.Release Smartphone|Windows Mobile 6 Professional SDK (ARMV4I).Build.0 = Release|Windows Mobile 6 Professional SDK (ARMV4I)
		{C1C84A4C-E4B6-466A-9552-627F5B1CB365}.Release Smartphone|Windows Mobile 6 Professional SDK (ARMV4I).Deploy.0 = Release|Windows Mobile 6 Professional SDK (ARMV4I)
		{C1C84A4C-E4B6-466A-9552-627F5B1CB365}.Release Smartphone|Windows Mobile 6 Standard SDK (ARMV4I).ActiveCfg = Release|Windows Mobile 6 Professional SDK (ARMV4I)
		{C1C84A4C-E4B6-466A-9552-627F5B1CB365}.Release|Any CPU.ActiveCfg = Release|Windows Mobile 6 Professional SDK (ARMV4I)
		{C1C84A4C-E4B6-466A-9552-627F5B1CB365}.Release|Mixed Platforms.ActiveCfg = Release|Windows Mobile 6 Professional SDK (ARMV4I)
		{C1C84A4C-E4B6-466A-9552-627F5B1CB365}.Release|Mixed Platforms.Build.0 = Release|Windows Mobile 6 Professional SDK (ARMV4I)
		{C1C84A4C-E4B6-466A-9552-627F5B1CB365}.Release|Mixed Platforms.Deploy.0 = Release|Windows Mobile 6 Professional SDK (ARMV4I)
		{C1C84A4C-E4B6-466A-9552-627F5B1CB365}.Release|Pocket PC 2003 (ARMV4).ActiveCfg = Release|Pocket PC 2003 (ARMV4)
		{C1C84A4C-E4B6-466A-9552-627F5B1CB365}.Release|Pocket PC 2003 (ARMV4).Build.0 = Release|Pocket PC 2003 (ARMV4)
		{C1C84A4C-E4B6-466A-9552-627F5B1CB365}.Release|Pocket PC 2003 (ARMV4).Deploy.0 = Release|Pocket PC 2003 (ARMV4)
		{C1C84A4C-E4B6-466A-9552-627F5B1CB365}.Release|Smartphone 2003 (ARMV4).ActiveCfg = Release|Smartphone 2003 (ARMV4)
		{C1C84A4C-E4B6-466A-9552-627F5B1CB365}.Release|Smartphone 2003 (ARMV4).Build.0 = Release|Smartphone 2003 (ARMV4)
		{C1C84A4C-E4B6-466A-9552-627F5B1CB365}.Release|Smartphone 2003 (ARMV4).Deploy.0 = Release|Smartphone 2003 (ARMV4)
		{C1C84A4C-E4B6-466A-9552-627F5B1CB365}.Release|Win32.ActiveCfg = Release|Windows Mobile 5.0 Pocket PC SDK (ARMV4I)
		{C1C84A4C-E4B6-466A-9552-627F5B1CB365}.Release|Windows Mobile 5.0 Pocket PC SDK (ARMV4I).ActiveCfg = Release|Windows Mobile 5.0 Pocket PC SDK (ARMV4I)
		{C1C84A4C-E4B6-466A-9552-627F5B1CB365}.Release|Windows Mobile 5.0 Pocket PC SDK (ARMV4I).Build.0 = Release|Windows Mobile 5.0 Pocket PC SDK (ARMV4I)
		{C1C84A4C-E4B6-466A-9552-627F5B1CB365}.Release|Windows Mobile 5.0 Pocket PC SDK (ARMV4I).Deploy.0 = Release|Windows Mobile 5.0 Pocket PC SDK (ARMV4I)
		{C1C84A4C-E4B6-466A-9552-627F5B1CB365}.Release|Windows Mobile 5.0 Smartphone SDK (ARMV4I).ActiveCfg = Release|Windows Mobile 5.0 Pocket PC SDK (ARMV4I)
		{C1C84A4C-E4B6-466A-9552-627F5B1CB365}.Release|Windows Mobile 6 Professional SDK (ARMV4I).ActiveCfg = Release|Windows Mobile 6 Professional SDK (ARMV4I)
		{C1C84A4C-E4B6-466A-9552-627F5B1CB365}.Release|Windows Mobile 6 Standard SDK (ARMV4I).ActiveCfg = Release|Windows Mobile 6 Professional SDK (ARMV4I)
		{7C125BED-9EF5-4593-BE24-31358666B913}.Debug|Any CPU.ActiveCfg = Release|Windows Mobile 5.0 Smartphone SDK (ARMV4I)
		{7C125BED-9EF5-4593-BE24-31358666B913}.Debug|Mixed Platforms.ActiveCfg = Release|Windows Mobile 5.0 Smartphone SDK (ARMV4I)
		{7C125BED-9EF5-4593-BE24-31358666B913}.Debug|Mixed Platforms.Build.0 = Release|Windows Mobile 5.0 Smartphone SDK (ARMV4I)
		{7C125BED-9EF5-4593-BE24-31358666B913}.Debug|Mixed Platforms.Deploy.0 = Release|Windows Mobile 5.0 Smartphone SDK (ARMV4I)
		{7C125BED-9EF5-4593-BE24-31358666B913}.Debug|Pocket PC 2003 (ARMV4).ActiveCfg = Release|Windows Mobile 5.0 Smartphone SDK (ARMV4I)
		{7C125BED-9EF5-4593-BE24-31358666B913}.Debug|Smartphone 2003 (ARMV4).ActiveCfg = Release|Windows Mobile 5.0 Smartphone SDK (ARMV4I)
		{7C125BED-9EF5-4593-BE24-31358666B913}.Debug|Win32.ActiveCfg = Release|Pocket PC 2003 (ARMV4)
		{7C125BED-9EF5-4593-BE24-31358666B913}.Debug|Windows Mobile 5.0 Pocket PC SDK (ARMV4I).ActiveCfg = Release|Windows Mobile 5.0 Smartphone SDK (ARMV4I)
		{7C125BED-9EF5-4593-BE24-31358666B913}.Debug|Windows Mobile 5.0 Smartphone SDK (ARMV4I).ActiveCfg = Release|Windows Mobile 5.0 Smartphone SDK (ARMV4I)
		{7C125BED-9EF5-4593-BE24-31358666B913}.Debug|Windows Mobile 5.0 Smartphone SDK (ARMV4I).Build.0 = Release|Windows Mobile 5.0 Smartphone SDK (ARMV4I)
		{7C125BED-9EF5-4593-BE24-31358666B913}.Debug|Windows Mobile 5.0 Smartphone SDK (ARMV4I).Deploy.0 = Release|Windows Mobile 5.0 Smartphone SDK (ARMV4I)
		{7C125BED-9EF5-4593-BE24-31358666B913}.Debug|Windows Mobile 6 Professional SDK (ARMV4I).ActiveCfg = Release|Pocket PC 2003 (ARMV4)
		{7C125BED-9EF5-4593-BE24-31358666B913}.Debug|Windows Mobile 6 Standard SDK (ARMV4I).ActiveCfg = Release|Windows Mobile 5.0 Smartphone SDK (ARMV4I)
		{7C125BED-9EF5-4593-BE24-31358666B913}.Release Smartphone|Any CPU.ActiveCfg = Release Smartphone|Windows Mobile 5.0 Smartphone SDK (ARMV4I)
		{7C125BED-9EF5-4593-BE24-31358666B913}.Release Smartphone|Mixed Platforms.ActiveCfg = Release Smartphone|Windows Mobile 5.0 Smartphone SDK (ARMV4I)
		{7C125BED-9EF5-4593-BE24-31358666B913}.Release Smartphone|Mixed Platforms.Build.0 = Release Smartphone|Windows Mobile 5.0 Smartphone SDK (ARMV4I)
		{7C125BED-9EF5-4593-BE24-31358666B913}.Release Smartphone|Mixed Platforms.Deploy.0 = Release Smartphone|Windows Mobile 5.0 Smartphone SDK (ARMV4I)
		{7C125BED-9EF5-4593-BE24-31358666B913}.Release Smartphone|Pocket PC 2003 (ARMV4).ActiveCfg = Release Smartphone|Pocket PC 2003 (ARMV4)
		{7C125BED-9EF5-4593-BE24-31358666B913}.Release Smartphone|Pocket PC 2003 (ARMV4).Build.0 = Release Smartphone|Pocket PC 2003 (ARMV4)
		{7C125BED-9EF5-4593-BE24-31358666B913}.Release Smartphone|Pocket PC 2003 (ARMV4).Deploy.0 = Release Smartphone|Pocket PC 2003 (ARMV4)
		{7C125BED-9EF5-4593-BE24-31358666B913}.Release Smartphone|Smartphone 2003 (ARMV4).ActiveCfg = Release Smartphone|Smartphone 2003 (ARMV4)
		{7C125BED-9EF5-4593-BE24-31358666B913}.Release Smartphone|Smartphone 2003 (ARMV4).Build.0 = Release Smartphone|Smartphone 2003 (ARMV4)
		{7C125BED-9EF5-4593-BE24-31358666B913}.Release Smartphone|Smartphone 2003 (ARMV4).Deploy.0 = Release Smartphone|Smartphone 2003 (ARMV4)
		{7C125BED-9EF5-4593-BE24-31358666B913}.Release Smartphone|Win32.ActiveCfg = Release Smartphone|Windows Mobile 6 Professional SDK (ARMV4I)
		{7C125BED-9EF5-4593-BE24-31358666B913}.Release Smartphone|Windows Mobile 5.0 Pocket PC SDK (ARMV4I).ActiveCfg = Release Smartphone|Windows Mobile 5.0 Pocket PC SDK (ARMV4I)
		{7C125BED-9EF5-4593-BE24-31358666B913}.Release Smartphone|Windows Mobile 5.0 Pocket PC SDK (ARMV4I).Build.0 = Release Smartphone|Windows Mobile 5.0 Pocket PC SDK (ARMV4I)
		{7C125BED-9EF5-4593-BE24-31358666B913}.Release Smartphone|Windows Mobile 5.0 Pocket PC SDK (ARMV4I).Deploy.0 = Release Smartphone|Windows Mobile 5.0 Pocket PC SDK (ARMV4I)
		{7C125BED-9EF5-4593-BE24-31358666B913}.Release Smartphone|Windows Mobile 5.0 Smartphone SDK (ARMV4I).ActiveCfg = Release Smartphone|Windows Mobile 5.0 Smartphone SDK (ARMV4I)
		{7C125BED-9EF5-4593-BE24-31358666B913}.Release Smartphone|Windows Mobile 5.0 Smartphone SDK (ARMV4I).Build.0 = Release Smartphone|Windows Mobile 5.0 Smartphone SDK (ARMV4I)
		{7C125BED-9EF5-4593-BE24-31358666B913}.Release Smartphone|Windows Mobile 5.0 Smartphone SDK (ARMV4I).Deploy.0 = Release Smartphone|Windows Mobile 5.0 Smartphone SDK (ARMV4I)
		{7C125BED-9EF5-4593-BE24-31358666B913}.Release Smartphone|Windows Mobile 6 Professional SDK (ARMV4I).ActiveCfg = Release Smartphone|Windows Mobile 6 Professional SDK (ARMV4I)
		{7C125BED-9EF5-4593-BE24-31358666B913}.Release Smartphone|Windows Mobile 6 Professional SDK (ARMV4I).Build.0 = Release Smartphone|Windows Mobile 6 Professional SDK (ARMV4I)
		{7C125BED-9EF5-4593-BE24-31358666B913}.Release Smartphone|Windows Mobile 6 Professional SDK (ARMV4I).Deploy.0 = Release Smartphone|Windows Mobile 6 Professional SDK (ARMV4I)
		{7C125BED-9EF5-4593-BE24-31358666B913}.Release Smartphone|Windows Mobile 6 Standard SDK (ARMV4I).ActiveCfg = Release Smartphone|Windows Mobile 6 Professional SDK (ARMV4I)
		{7C125BED-9EF5-4593-BE24-31358666B913}.Release|Any CPU.ActiveCfg = Release|Windows Mobile 5.0 Smartphone SDK (ARMV4I)
		{7C125BED-9EF5-4593-BE24-31358666B913}.Release|Mixed Platforms.ActiveCfg = Release|Windows Mobile 5.0 Smartphone SDK (ARMV4I)
		{7C125BED-9EF5-4593-BE24-31358666B913}.Release|Mixed Platforms.Build.0 = Release|Windows Mobile 5.0 Smartphone SDK (ARMV4I)
		{7C125BED-9EF5-4593-BE24-31358666B913}.Release|Mixed Platforms.Deploy.0 = Release|Windows Mobile 5.0 Smartphone SDK (ARMV4I)
		{7C125BED-9EF5-4593-BE24-31358666B913}.Release|Pocket PC 2003 (ARMV4).ActiveCfg = Release|Pocket PC 2003 (ARMV4)
		{7C125BED-9EF5-4593-BE24-31358666B913}.Release|Pocket PC 2003 (ARMV4).Build.0 = Release|Pocket PC 2003 (ARMV4)
		{7C125BED-9EF5-4593-BE24-31358666B913}.Release|Pocket PC 2003 (ARMV4).Deploy.0 = Release|Pocket PC 2003 (ARMV4)
		{7C125BED-9EF5-4593-BE24-31358666B913}.Release|Smartphone 2003 (ARMV4).ActiveCfg = Release|Smartphone 2003 (ARMV4)
		{7C125BED-9EF5-4593-BE24-31358666B913}.Release|Smartphone 2003 (ARMV4).Build.0 = Release|Smartphone 2003 (ARMV4)
		{7C125BED-9EF5-4593-BE24-31358666B913}.Release|Smartphone 2003 (ARMV4).Deploy.0 = Release|Smartphone 2003 (ARMV4)
		{7C125BED-9EF5-4593-BE24-31358666B913}.Release|Win32.ActiveCfg = Release|Windows Mobile 6 Professional SDK (ARMV4I)
		{7C125BED-9EF5-4593-BE24-31358666B913}.Release|Windows Mobile 5.0 Pocket PC SDK (ARMV4I).ActiveCfg = Release|Windows Mobile 5.0 Pocket PC SDK (ARMV4I)
		{7C125BED-9EF5-4593-BE24-31358666B913}.Release|Windows Mobile 5.0 Pocket PC SDK (ARMV4I).Build.0 = Release|Windows Mobile 5.0 Pocket PC SDK (ARMV4I)
		{7C125BED-9EF5-4593-BE24-31358666B913}.Release|Windows Mobile 5.0 Pocket PC SDK (ARMV4I).Deploy.0 = Release|Windows Mobile 5.0 Pocket PC SDK (ARMV4I)
		{7C125BED-9EF5-4593-BE24-31358666B913}.Release|Windows Mobile 5.0 Smartphone SDK (ARMV4I).ActiveCfg = Release|Windows Mobile 5.0 Smartphone SDK (ARMV4I)
		{7C125BED-9EF5-4593-BE24-31358666B913}.Release|Windows Mobile 5.0 Smartphone SDK (ARMV4I).Build.0 = Release|Windows Mobile 5.0 Smartphone SDK (ARMV4I)
		{7C125BED-9EF5-4593-BE24-31358666B913}.Release|Windows Mobile 5.0 Smartphone SDK (ARMV4I).Deploy.0 = Release|Windows Mobile 5.0 Smartphone SDK (ARMV4I)
		{7C125BED-9EF5-4593-BE24-31358666B913}.Release|Windows Mobile 6 Professional SDK (ARMV4I).ActiveCfg = Release|Windows Mobile 6 Professional SDK (ARMV4I)
		{7C125BED-9EF5-4593-BE24-31358666B913}.Release|Windows Mobile 6 Standard SDK (ARMV4I).ActiveCfg = Release|Windows Mobile 6 Professional SDK (ARMV4I)
		{C8DE8089-8B81-4028-9252-57FA887B00F8}.Debug|Any CPU.ActiveCfg = Debug|Win32
		{C8DE8089-8B81-4028-9252-57FA887B00F8}.Debug|Mixed Platforms.ActiveCfg = Debug|Win32
		{C8DE8089-8B81-4028-9252-57FA887B00F8}.Debug|Mixed Platforms.Build.0 = Debug|Win32
		{C8DE8089-8B81-4028-9252-57FA887B00F8}.Debug|Pocket PC 2003 (ARMV4).ActiveCfg = Debug|Win32
		{C8DE8089-8B81-4028-9252-57FA887B00F8}.Debug|Smartphone 2003 (ARMV4).ActiveCfg = Debug|Win32
		{C8DE8089-8B81-4028-9252-57FA887B00F8}.Debug|Win32.ActiveCfg = Debug|Win32
		{C8DE8089-8B81-4028-9252-57FA887B00F8}.Debug|Win32.Build.0 = Debug|Win32
		{C8DE8089-8B81-4028-9252-57FA887B00F8}.Debug|Windows Mobile 5.0 Pocket PC SDK (ARMV4I).ActiveCfg = Debug|Win32
		{C8DE8089-8B81-4028-9252-57FA887B00F8}.Debug|Windows Mobile 5.0 Smartphone SDK (ARMV4I).ActiveCfg = Debug|Win32
		{C8DE8089-8B81-4028-9252-57FA887B00F8}.Debug|Windows Mobile 6 Professional SDK (ARMV4I).ActiveCfg = Debug|Win32
		{C8DE8089-8B81-4028-9252-57FA887B00F8}.Debug|Windows Mobile 6 Standard SDK (ARMV4I).ActiveCfg = Debug|Win32
		{C8DE8089-8B81-4028-9252-57FA887B00F8}.Release Smartphone|Any CPU.ActiveCfg = Release|Win32
		{C8DE8089-8B81-4028-9252-57FA887B00F8}.Release Smartphone|Mixed Platforms.ActiveCfg = Release|Win32
		{C8DE8089-8B81-4028-9252-57FA887B00F8}.Release Smartphone|Mixed Platforms.Build.0 = Release|Win32
		{C8DE8089-8B81-4028-9252-57FA887B00F8}.Release Smartphone|Pocket PC 2003 (ARMV4).ActiveCfg = Release|Win32
		{C8DE8089-8B81-4028-9252-57FA887B00F8}.Release Smartphone|Smartphone 2003 (ARMV4).ActiveCfg = Release|Win32
		{C8DE8089-8B81-4028-9252-57FA887B00F8}.Release Smartphone|Win32.ActiveCfg = Release|Win32
		{C8DE8089-8B81-4028-9252-57FA887B00F8}.Release Smartphone|Win32.Build.0 = Release|Win32
		{C8DE8089-8B81-4028-9252-57FA887B00F8}.Release Smartphone|Windows Mobile 5.0 Pocket PC SDK (ARMV4I).ActiveCfg = Release|Win32
		{C8DE8089-8B81-4028-9252-57FA887B00F8}.Release Smartphone|Windows Mobile 5.0 Smartphone SDK (ARMV4I).ActiveCfg = Release|Win32
		{C8DE8089-8B81-4028-9252-57FA887B00F8}.Release Smartphone|Windows Mobile 6 Professional SDK (ARMV4I).ActiveCfg = Release|Win32
		{C8DE8089-8B81-4028-9252-57FA887B00F8}.Release Smartphone|Windows Mobile 6 Standard SDK (ARMV4I).ActiveCfg = Release|Win32
		{C8DE8089-8B81-4028-9252-57FA887B00F8}.Release|Any CPU.ActiveCfg = Release|Win32
		{C8DE8089-8B81-4028-9252-57FA887B00F8}.Release|Mixed Platforms.ActiveCfg = Release|Win32
		{C8DE8089-8B81-4028-9252-57FA887B00F8}.Release|Mixed Platforms.Build.0 = Release|Win32
		{C8DE8089-8B81-4028-9252-57FA887B00F8}.Release|Pocket PC 2003 (ARMV4).ActiveCfg = Release|Win32
		{C8DE8089-8B81-4028-9252-57FA887B00F8}.Release|Smartphone 2003 (ARMV4).ActiveCfg = Release|Win32
		{C8DE8089-8B81-4028-9252-57FA887B00F8}.Release|Win32.ActiveCfg = Release|Win32
		{C8DE8089-8B81-4028-9252-57FA887B00F8}.Release|Win32.Build.0 = Release|Win32
		{C8DE8089-8B81-4028-9252-57FA887B00F8}.Release|Windows Mobile 5.0 Pocket PC SDK (ARMV4I).ActiveCfg = Release|Win32
		{C8DE8089-8B81-4028-9252-57FA887B00F8}.Release|Windows Mobile 5.0 Smartphone SDK (ARMV4I).ActiveCfg = Release|Win32
		{C8DE8089-8B81-4028-9252-57FA887B00F8}.Release|Windows Mobile 6 Professional SDK (ARMV4I).ActiveCfg = Release|Win32
		{C8DE8089-8B81-4028-9252-57FA887B00F8}.Release|Windows Mobile 6 Standard SDK (ARMV4I).ActiveCfg = Release|Win32
	EndGlobalSection
	GlobalSection(SolutionProperties) = preSolution
		HideSolutionNode = FALSE
	EndGlobalSection
EndGlobal
