
Microsoft Visual Studio Solution File, Format Version 9.00
# Visual Studio 2005
Project("{FAE04EC0-301F-11D3-BF4B-00C04F79EFBC}") = "SaveSizeWatcher", "SaveSizeWatcher.csproj", "{D5DF67BD-AF63-40A9-83C2-C8343F4E5AB2}"
EndProject
Global
	GlobalSection(SolutionConfigurationPlatforms) = preSolution
		Debug|Any CPU = Debug|Any CPU
		Release|Any CPU = Release|Any CPU
	EndGlobalSection
	GlobalSection(ProjectConfigurationPlatforms) = postSolution
		{D5DF67BD-AF63-40A9-83C2-C8343F4E5AB2}.Debug|Any CPU.ActiveCfg = Debug|Any CPU
		{D5DF67BD-AF63-40A9-83C2-C8343F4E5AB2}.Debug|Any CPU.Build.0 = Debug|Any CPU
		{D5DF67BD-AF63-40A9-83C2-C8343F4E5AB2}.Release|Any CPU.ActiveCfg = Release|Any CPU
		{D5DF67BD-AF63-40A9-83C2-C8343F4E5AB2}.Release|Any CPU.Build.0 = Release|Any CPU
	EndGlobalSection
	GlobalSection(SolutionProperties) = preSolution
		HideSolutionNode = FALSE
	EndGlobalSection
EndGlobal
